{
  "nodes": {
    "ectoolSrc": {
      "flake": false,
      "locked": {
        "host": "gitlab.howett.net",
        "lastModified": 1719173375,
        "narHash": "sha256-EMOliuyWB0xyrYB+E9axZtJawnIVIAM5nx026tESi38=",
        "owner": "DHowett",
        "repo": "ectool",
        "rev": "0ac6155abbb7d4622d3bcf2cdf026dde2f80dad7",
        "type": "gitlab"
      },
      "original": {
        "host": "gitlab.howett.net",
        "owner": "DHowett",
        "repo": "ectool",
        "type": "gitlab"
      }
    },
    "nixpkgs": {
      "locked": {
        "lastModified": 1728492678,
        "narHash": "sha256-9UTxR8eukdg+XZeHgxW5hQA9fIKHsKCdOIUycTryeVw=",
        "owner": "nixos",
        "repo": "nixpkgs",
        "rev": "5633bcff0c6162b9e4b5f1264264611e950c8ec7",
        "type": "github"
      },
      "original": {
        "owner": "nixos",
        "ref": "nixos-unstable",
        "repo": "nixpkgs",
        "type": "github"
      }
    },
    "root": {
      "inputs": {
        "ectoolSrc": "ectoolSrc",
        "nixpkgs": "nixpkgs"
      }
    }
  },
  "root": "root",
  "version": 7
}
